<?xml version="1.0" encoding="utf-8"?>
<Project ToolsVersion="4.0" xmlns="http://schemas.microsoft.com/developer/msbuild/2003">
  <ItemGroup>
    <Filter Include="资源文件">
      <UniqueIdentifier>{67DA6AB6-F800-4c08-8B7A-83BB121AAD01}</UniqueIdentifier>
      <Extensions>rc;ico;cur;bmp;dlg;rc2;rct;bin;rgs;gif;jpg;jpeg;jpe;resx;tiff;tif;png;wav;mfcribbon-ms</Extensions>
    </Filter>
    <Filter Include="head file">
      <UniqueIdentifier>{93995380-89BD-4b04-88EB-625FBE52EBFB}</UniqueIdentifier>
      <Extensions>h;hh;hpp;hxx;hm;inl;inc;xsd</Extensions>
    </Filter>
    <Filter Include="source file">
      <UniqueIdentifier>{4FC737F1-C7A5-4376-A066-2A32D752A2FF}</UniqueIdentifier>
      <Extensions>cpp;c;cc;cxx;def;odl;idl;hpj;bat;asm;asmx</Extensions>
    </Filter>
  </ItemGroup>
  <ItemGroup>
    <ClInclude Include="boost_asio.h">
      <Filter>head file</Filter>
    </ClInclude>
    <ClInclude Include="decode.h">
      <Filter>head file</Filter>
    </ClInclude>
    <ClInclude Include="encode.h">
      <Filter>head file</Filter>
    </ClInclude>
    <ClInclude Include="gvalue.h">
      <Filter>head file</Filter>
    </ClInclude>
    <ClInclude Include="log.h">
      <Filter>head file</Filter>
    </ClInclude>
    <ClInclude Include="rpc_manager.h">
      <Filter>head file</Filter>
    </ClInclude>
    <ClInclude Include="utils.h">
      <Filter>head file</Filter>
    </ClInclude>
    <ClInclude Include="ini.h">
      <Filter>head file</Filter>
    </ClInclude>
  </ItemGroup>
  <ItemGroup>
    <ClCompile Include="boost_asio.cpp">
      <Filter>source file</Filter>
    </ClCompile>
    <ClCompile Include="decode.cpp">
      <Filter>source file</Filter>
    </ClCompile>
    <ClCompile Include="encode.cpp">
      <Filter>source file</Filter>
    </ClCompile>
    <ClCompile Include="gvalue.cpp">
      <Filter>source file</Filter>
    </ClCompile>
    <ClCompile Include="rpc_manager.cpp">
      <Filter>source file</Filter>
    </ClCompile>
    <ClCompile Include="utils.cpp">
      <Filter>source file</Filter>
    </ClCompile>
    <ClCompile Include="ini.cpp">
      <Filter>source file</Filter>
    </ClCompile>
  </ItemGroup>
</Project>