<?xml version="1.0" encoding="utf-8"?>
<Project ToolsVersion="4.0" xmlns="http://schemas.microsoft.com/developer/msbuild/2003">
  <ItemGroup>
    <Filter Include="资源文件">
      <UniqueIdentifier>{67DA6AB6-F800-4c08-8B7A-83BB121AAD01}</UniqueIdentifier>
      <Extensions>rc;ico;cur;bmp;dlg;rc2;rct;bin;rgs;gif;jpg;jpeg;jpe;resx;tiff;tif;png;wav;mfcribbon-ms</Extensions>
    </Filter>
    <Filter Include="engine">
      <UniqueIdentifier>{93995380-89BD-4b04-88EB-625FBE52EBFB}</UniqueIdentifier>
      <Extensions>h;hh;hpp;hxx;hm;inl;inc;xsd</Extensions>
    </Filter>
  </ItemGroup>
  <ItemGroup>
    <ClInclude Include="boost_asio.h">
      <Filter>engine</Filter>
    </ClInclude>
    <ClInclude Include="decode.h">
      <Filter>engine</Filter>
    </ClInclude>
    <ClInclude Include="encode.h">
      <Filter>engine</Filter>
    </ClInclude>
    <ClInclude Include="gvalue.h">
      <Filter>engine</Filter>
    </ClInclude>
    <ClInclude Include="log.h">
      <Filter>engine</Filter>
    </ClInclude>
    <ClInclude Include="rpc_manager.h">
      <Filter>engine</Filter>
    </ClInclude>
    <ClInclude Include="utils.h">
      <Filter>engine</Filter>
    </ClInclude>
    <ClInclude Include="ini.h">
      <Filter>engine</Filter>
    </ClInclude>
    <ClInclude Include="remote_manager.h">
      <Filter>engine</Filter>
    </ClInclude>
    <ClInclude Include="engine.h">
      <Filter>engine</Filter>
    </ClInclude>
    <ClInclude Include="entity.h">
      <Filter>engine</Filter>
    </ClInclude>
    <ClInclude Include="entity_rpc_manager.h">
      <Filter>engine</Filter>
    </ClInclude>
    <ClInclude Include="mailbox.h">
      <Filter>engine</Filter>
    </ClInclude>
    <ClInclude Include="entity_property_manager.h">
      <Filter>engine</Filter>
    </ClInclude>
    <ClInclude Include="timer.h">
      <Filter>engine</Filter>
    </ClInclude>
    <ClInclude Include="entity_component_manager.h">
      <Filter>engine</Filter>
    </ClInclude>
    <ClInclude Include="entity_property_tree.h">
      <Filter>engine</Filter>
    </ClInclude>
  </ItemGroup>
  <ItemGroup>
    <ClCompile Include="boost_asio.cpp">
      <Filter>engine</Filter>
    </ClCompile>
    <ClCompile Include="decode.cpp">
      <Filter>engine</Filter>
    </ClCompile>
    <ClCompile Include="encode.cpp">
      <Filter>engine</Filter>
    </ClCompile>
    <ClCompile Include="engine.cpp">
      <Filter>engine</Filter>
    </ClCompile>
    <ClCompile Include="gvalue.cpp">
      <Filter>engine</Filter>
    </ClCompile>
    <ClCompile Include="ini.cpp">
      <Filter>engine</Filter>
    </ClCompile>
    <ClCompile Include="rpc_manager.cpp">
      <Filter>engine</Filter>
    </ClCompile>
    <ClCompile Include="utils.cpp">
      <Filter>engine</Filter>
    </ClCompile>
    <ClCompile Include="remote_manager.cpp">
      <Filter>engine</Filter>
    </ClCompile>
    <ClCompile Include="entity.cpp">
      <Filter>engine</Filter>
    </ClCompile>
    <ClCompile Include="entity_rpc_manager.cpp">
      <Filter>engine</Filter>
    </ClCompile>
    <ClCompile Include="mailbox.cpp">
      <Filter>engine</Filter>
    </ClCompile>
    <ClCompile Include="timer.cpp">
      <Filter>engine</Filter>
    </ClCompile>
    <ClCompile Include="entity_component_manager.cpp">
      <Filter>engine</Filter>
    </ClCompile>
    <ClCompile Include="entity_property_manager.cpp">
      <Filter>engine</Filter>
    </ClCompile>
    <ClCompile Include="entity_property_tree.cpp" />
  </ItemGroup>
</Project>