<?xml version="1.0" encoding="utf-8"?>
<Project ToolsVersion="4.0" xmlns="http://schemas.microsoft.com/developer/msbuild/2003">
  <ItemGroup>
    <Filter Include="framework">
      <UniqueIdentifier>{4FC737F1-C7A5-4376-A066-2A32D752A2FF}</UniqueIdentifier>
      <Extensions>cpp;c;cc;cxx;def;odl;idl;hpj;bat;asm;asmx</Extensions>
    </Filter>
    <Filter Include="gameplay">
      <UniqueIdentifier>{32823a26-b0df-4ca1-871c-1cfbf6731c26}</UniqueIdentifier>
    </Filter>
    <Filter Include="gameplay\entities">
      <UniqueIdentifier>{c010911b-5d63-4439-92ce-e86f5f21367e}</UniqueIdentifier>
    </Filter>
  </ItemGroup>
  <ItemGroup>
    <ClCompile Include="client.cpp" />
    <ClCompile Include="framework\client_rpc.cpp">
      <Filter>framework</Filter>
    </ClCompile>
    <ClCompile Include="gameplay\entities\account.cpp">
      <Filter>gameplay\entities</Filter>
    </ClCompile>
  </ItemGroup>
  <ItemGroup>
    <None Include="client.ini" />
  </ItemGroup>
  <ItemGroup>
    <ClInclude Include="gameplay\entities\account.h">
      <Filter>gameplay\entities</Filter>
    </ClInclude>
  </ItemGroup>
</Project>