
Microsoft Visual Studio Solution File, Format Version 12.00
# Visual Studio 15
VisualStudioVersion = 15.0.28307.1927
MinimumVisualStudioVersion = 10.0.40219.1
Project("{8BC9CEB8-8B4A-11D0-8D11-00A0C91BC942}") = "engine", "engine\engine.vcxproj", "{E880729B-7C7B-46EB-8C53-A3AC60CD5550}"
EndProject
Project("{8BC9CEB8-8B4A-11D0-8D11-00A0C91BC942}") = "client", "client\client.vcxproj", "{9B4C93F9-C44C-4C86-84B0-65274FDCB9B7}"
	ProjectSection(ProjectDependencies) = postProject
		{E880729B-7C7B-46EB-8C53-A3AC60CD5550} = {E880729B-7C7B-46EB-8C53-A3AC60CD5550}
	EndProjectSection
EndProject
Project("{8BC9CEB8-8B4A-11D0-8D11-00A0C91BC942}") = "gate", "gate\gate.vcxproj", "{A58318FE-B17A-4974-B444-038ED55ADB8E}"
	ProjectSection(ProjectDependencies) = postProject
		{E880729B-7C7B-46EB-8C53-A3AC60CD5550} = {E880729B-7C7B-46EB-8C53-A3AC60CD5550}
	EndProjectSection
EndProject
Project("{8BC9CEB8-8B4A-11D0-8D11-00A0C91BC942}") = "game", "game\game.vcxproj", "{8CFE7634-19B9-4FD3-A20B-0C95F5AA62C0}"
	ProjectSection(ProjectDependencies) = postProject
		{E880729B-7C7B-46EB-8C53-A3AC60CD5550} = {E880729B-7C7B-46EB-8C53-A3AC60CD5550}
	EndProjectSection
EndProject
Project("{8BC9CEB8-8B4A-11D0-8D11-00A0C91BC942}") = "common", "common\common.vcxproj", "{655CFF19-C867-4C08-9BC8-B28DEC55A867}"
EndProject
Global
	GlobalSection(SolutionConfigurationPlatforms) = preSolution
		Debug|x64 = Debug|x64
		Debug|x86 = Debug|x86
		Release|x64 = Release|x64
		Release|x86 = Release|x86
	EndGlobalSection
	GlobalSection(ProjectConfigurationPlatforms) = postSolution
		{E880729B-7C7B-46EB-8C53-A3AC60CD5550}.Debug|x64.ActiveCfg = Debug|x64
		{E880729B-7C7B-46EB-8C53-A3AC60CD5550}.Debug|x64.Build.0 = Debug|x64
		{E880729B-7C7B-46EB-8C53-A3AC60CD5550}.Debug|x86.ActiveCfg = Debug|Win32
		{E880729B-7C7B-46EB-8C53-A3AC60CD5550}.Debug|x86.Build.0 = Debug|Win32
		{E880729B-7C7B-46EB-8C53-A3AC60CD5550}.Release|x64.ActiveCfg = Release|x64
		{E880729B-7C7B-46EB-8C53-A3AC60CD5550}.Release|x64.Build.0 = Release|x64
		{E880729B-7C7B-46EB-8C53-A3AC60CD5550}.Release|x86.ActiveCfg = Release|Win32
		{E880729B-7C7B-46EB-8C53-A3AC60CD5550}.Release|x86.Build.0 = Release|Win32
		{9B4C93F9-C44C-4C86-84B0-65274FDCB9B7}.Debug|x64.ActiveCfg = Debug|x64
		{9B4C93F9-C44C-4C86-84B0-65274FDCB9B7}.Debug|x64.Build.0 = Debug|x64
		{9B4C93F9-C44C-4C86-84B0-65274FDCB9B7}.Debug|x86.ActiveCfg = Debug|Win32
		{9B4C93F9-C44C-4C86-84B0-65274FDCB9B7}.Debug|x86.Build.0 = Debug|Win32
		{9B4C93F9-C44C-4C86-84B0-65274FDCB9B7}.Release|x64.ActiveCfg = Release|x64
		{9B4C93F9-C44C-4C86-84B0-65274FDCB9B7}.Release|x64.Build.0 = Release|x64
		{9B4C93F9-C44C-4C86-84B0-65274FDCB9B7}.Release|x86.ActiveCfg = Release|Win32
		{9B4C93F9-C44C-4C86-84B0-65274FDCB9B7}.Release|x86.Build.0 = Release|Win32
		{A58318FE-B17A-4974-B444-038ED55ADB8E}.Debug|x64.ActiveCfg = Debug|x64
		{A58318FE-B17A-4974-B444-038ED55ADB8E}.Debug|x64.Build.0 = Debug|x64
		{A58318FE-B17A-4974-B444-038ED55ADB8E}.Debug|x86.ActiveCfg = Debug|Win32
		{A58318FE-B17A-4974-B444-038ED55ADB8E}.Debug|x86.Build.0 = Debug|Win32
		{A58318FE-B17A-4974-B444-038ED55ADB8E}.Release|x64.ActiveCfg = Release|x64
		{A58318FE-B17A-4974-B444-038ED55ADB8E}.Release|x64.Build.0 = Release|x64
		{A58318FE-B17A-4974-B444-038ED55ADB8E}.Release|x86.ActiveCfg = Release|Win32
		{A58318FE-B17A-4974-B444-038ED55ADB8E}.Release|x86.Build.0 = Release|Win32
		{8CFE7634-19B9-4FD3-A20B-0C95F5AA62C0}.Debug|x64.ActiveCfg = Debug|x64
		{8CFE7634-19B9-4FD3-A20B-0C95F5AA62C0}.Debug|x64.Build.0 = Debug|x64
		{8CFE7634-19B9-4FD3-A20B-0C95F5AA62C0}.Debug|x86.ActiveCfg = Debug|Win32
		{8CFE7634-19B9-4FD3-A20B-0C95F5AA62C0}.Debug|x86.Build.0 = Debug|Win32
		{8CFE7634-19B9-4FD3-A20B-0C95F5AA62C0}.Release|x64.ActiveCfg = Release|x64
		{8CFE7634-19B9-4FD3-A20B-0C95F5AA62C0}.Release|x64.Build.0 = Release|x64
		{8CFE7634-19B9-4FD3-A20B-0C95F5AA62C0}.Release|x86.ActiveCfg = Release|Win32
		{8CFE7634-19B9-4FD3-A20B-0C95F5AA62C0}.Release|x86.Build.0 = Release|Win32
		{655CFF19-C867-4C08-9BC8-B28DEC55A867}.Debug|x64.ActiveCfg = Debug|x64
		{655CFF19-C867-4C08-9BC8-B28DEC55A867}.Debug|x64.Build.0 = Debug|x64
		{655CFF19-C867-4C08-9BC8-B28DEC55A867}.Debug|x86.ActiveCfg = Debug|Win32
		{655CFF19-C867-4C08-9BC8-B28DEC55A867}.Debug|x86.Build.0 = Debug|Win32
		{655CFF19-C867-4C08-9BC8-B28DEC55A867}.Release|x64.ActiveCfg = Release|x64
		{655CFF19-C867-4C08-9BC8-B28DEC55A867}.Release|x64.Build.0 = Release|x64
		{655CFF19-C867-4C08-9BC8-B28DEC55A867}.Release|x86.ActiveCfg = Release|Win32
		{655CFF19-C867-4C08-9BC8-B28DEC55A867}.Release|x86.Build.0 = Release|Win32
	EndGlobalSection
	GlobalSection(SolutionProperties) = preSolution
		HideSolutionNode = FALSE
	EndGlobalSection
	GlobalSection(ExtensibilityGlobals) = postSolution
		SolutionGuid = {7B270DC9-44CF-47E0-9863-712307CCC887}
	EndGlobalSection
EndGlobal
