<?xml version="1.0" encoding="utf-8"?>
<Project ToolsVersion="4.0" xmlns="http://schemas.microsoft.com/developer/msbuild/2003">
  <ItemGroup>
    <Filter Include="framework">
      <UniqueIdentifier>{cc6b3770-e5a5-4c4f-abc2-27a579b384d3}</UniqueIdentifier>
    </Filter>
    <Filter Include="gameplay">
      <UniqueIdentifier>{0d2333ac-1bba-4324-88be-8620bc0a009d}</UniqueIdentifier>
    </Filter>
    <Filter Include="gameplay\entities">
      <UniqueIdentifier>{0c647cf2-a265-46e8-9389-1ffaecfdf484}</UniqueIdentifier>
    </Filter>
    <Filter Include="gameplay\components">
      <UniqueIdentifier>{4daba879-75ad-4d2d-9fdc-bc892ea3f013}</UniqueIdentifier>
    </Filter>
    <Filter Include="gameplay\entities\stubs">
      <UniqueIdentifier>{3341e664-63b2-4d0e-8e9a-c03f78b95f15}</UniqueIdentifier>
    </Filter>
  </ItemGroup>
  <ItemGroup>
    <None Include="game.ini" />
  </ItemGroup>
  <ItemGroup>
    <ClCompile Include="game_app.cpp" />
    <ClCompile Include="framework\game_rpc.cpp">
      <Filter>framework</Filter>
    </ClCompile>
    <ClCompile Include="gameplay\components\create_avatar_component.cpp">
      <Filter>gameplay\components</Filter>
    </ClCompile>
    <ClCompile Include="gameplay\entities\account.cpp">
      <Filter>gameplay\entities</Filter>
    </ClCompile>
    <ClCompile Include="framework\migrate_rpc.cpp">
      <Filter>framework</Filter>
    </ClCompile>
    <ClCompile Include="framework\game_instance.cpp">
      <Filter>framework</Filter>
    </ClCompile>
    <ClCompile Include="gameplay\entities\account_prop_test.cpp">
      <Filter>gameplay\entities</Filter>
    </ClCompile>
    <ClCompile Include="gameplay\entities\avatar.cpp">
      <Filter>gameplay\entities</Filter>
    </ClCompile>
    <ClCompile Include="gameplay\entities\monster.cpp">
      <Filter>gameplay\entities</Filter>
    </ClCompile>
    <ClCompile Include="gameplay\components\itembag_component.cpp">
      <Filter>gameplay\components</Filter>
    </ClCompile>
    <ClCompile Include="gameplay\components\avatar_prop_test_component.cpp">
      <Filter>gameplay\components</Filter>
    </ClCompile>
    <ClCompile Include="gameplay\entities\stubs\dungeon_manager.cpp">
      <Filter>gameplay\entities\stubs</Filter>
    </ClCompile>
    <ClCompile Include="framework\stub_base.cpp">
      <Filter>framework</Filter>
    </ClCompile>
    <ClCompile Include="framework\distributed_notify.cpp">
      <Filter>framework</Filter>
    </ClCompile>
    <ClCompile Include="gameplay\entities\dungeon.cpp">
      <Filter>gameplay\entities</Filter>
    </ClCompile>
  </ItemGroup>
  <ItemGroup>
    <ClInclude Include="gameplay\game_utils.h">
      <Filter>gameplay</Filter>
    </ClInclude>
    <ClInclude Include="gameplay\entities\account.h">
      <Filter>gameplay\entities</Filter>
    </ClInclude>
    <ClInclude Include="gameplay\components\create_avatar_component.h">
      <Filter>gameplay\components</Filter>
    </ClInclude>
    <ClInclude Include="framework\game_instance.h">
      <Filter>framework</Filter>
    </ClInclude>
    <ClInclude Include="gameplay\entities\avatar.h">
      <Filter>gameplay\entities</Filter>
    </ClInclude>
    <ClInclude Include="gameplay\entities\monster.h">
      <Filter>gameplay\entities</Filter>
    </ClInclude>
    <ClInclude Include="gameplay\components\itembag_component.h">
      <Filter>gameplay\components</Filter>
    </ClInclude>
    <ClInclude Include="gameplay\components\avatar_prop_test_component.h">
      <Filter>gameplay\components</Filter>
    </ClInclude>
    <ClInclude Include="gameplay\entities\stubs\dungeon_manager.h">
      <Filter>gameplay\entities\stubs</Filter>
    </ClInclude>
    <ClInclude Include="framework\stub_base.h">
      <Filter>framework</Filter>
    </ClInclude>
    <ClInclude Include="framework\distributed_notify.h">
      <Filter>framework</Filter>
    </ClInclude>
    <ClInclude Include="gameplay\entities\dungeon.h">
      <Filter>gameplay\entities</Filter>
    </ClInclude>
  </ItemGroup>
</Project>